// !$*UTF8*$!
{
	archiveVersion = 1;
	classes = {
	};
	objectVersion = 46;
	objects = {

/* Begin PBXBuildFile section */
		174553B81B287DCE004A7C65 /* AppDelegate.swift in Sources */ = {isa = PBXBuildFile; fileRef = 174553B71B287DCE004A7C65 /* AppDelegate.swift */; };
		174553BA1B287DCE004A7C65 /* ViewController.swift in Sources */ = {isa = PBXBuildFile; fileRef = 174553B91B287DCE004A7C65 /* ViewController.swift */; };
		174553BD1B287DCE004A7C65 /* Main.storyboard in Resources */ = {isa = PBXBuildFile; fileRef = 174553BB1B287DCE004A7C65 /* Main.storyboard */; };
		174553BF1B287DCE004A7C65 /* Images.xcassets in Resources */ = {isa = PBXBuildFile; fileRef = 174553BE1B287DCE004A7C65 /* Images.xcassets */; };
		174553C21B287DCE004A7C65 /* LaunchScreen.xib in Resources */ = {isa = PBXBuildFile; fileRef = 174553C01B287DCE004A7C65 /* LaunchScreen.xib */; };
		174553CE1B287DCE004A7C65 /* Cat_Age_CalculatorTests.swift in Sources */ = {isa = PBXBuildFile; fileRef = 174553CD1B287DCE004A7C65 /* Cat_Age_CalculatorTests.swift */; };
		17D632401B29D37600CBD1A8 /* IMG_0415.JPG in Resources */ = {isa = PBXBuildFile; fileRef = 17D6323F1B29D37600CBD1A8 /* IMG_0415.JPG */; };
/* End PBXBuildFile section */

/* Begin PBXContainerItemProxy section */
		174553C81B287DCE004A7C65 /* PBXContainerItemProxy */ = {
			isa = PBXContainerItemProxy;
			containerPortal = 174553AA1B287DCD004A7C65 /* Project object */;
			proxyType = 1;
			remoteGlobalIDString = 174553B11B287DCD004A7C65;
			remoteInfo = "Cat Age Calculator";
		};
/* End PBXContainerItemProxy section */

/* Begin PBXFileReference section */
		174553B21B287DCE004A7C65 /* Cat Age Calculator.app */ = {isa = PBXFileReference; explicitFileType = wrapper.application; includeInIndex = 0; path = "Cat Age Calculator.app"; sourceTree = BUILT_PRODUCTS_DIR; };
		174553B61B287DCE004A7C65 /* Info.plist */ = {isa = PBXFileReference; lastKnownFileType = text.plist.xml; path = Info.plist; sourceTree = "<group>"; };
		174553B71B287DCE004A7C65 /* AppDelegate.swift */ = {isa = PBXFileReference; lastKnownFileType = sourcecode.swift; path = AppDelegate.swift; sourceTree = "<group>"; };
		174553B91B287DCE004A7C65 /* ViewController.swift */ = {isa = PBXFileReference; lastKnownFileType = sourcecode.swift; path = ViewController.swift; sourceTree = "<group>"; };
		174553BC1B287DCE004A7C65 /* Base */ = {isa = PBXFileReference; lastKnownFileType = file.storyboard; name = Base; path = Base.lproj/Main.storyboard; sourceTree = "<group>"; };
		174553BE1B287DCE004A7C65 /* Images.xcassets */ = {isa = PBXFileReference; lastKnownFileType = folder.assetcatalog; path = Images.xcassets; sourceTree = "<group>"; };
		174553C11B287DCE004A7C65 /* Base */ = {isa = PBXFileReference; lastKnownFileType = file.xib; name = Base; path = Base.lproj/LaunchScreen.xib; sourceTree = "<group>"; };
		174553C71B287DCE004A7C65 /* Cat Age CalculatorTests.xctest */ = {isa = PBXFileReference; explicitFileType = wrapper.cfbundle; includeInIndex = 0; path = "Cat Age CalculatorTests.xctest"; sourceTree = BUILT_PRODUCTS_DIR; };
		174553CC1B287DCE004A7C65 /* Info.plist */ = {isa = PBXFileReference; lastKnownFileType = text.plist.xml; path = Info.plist; sourceTree = "<group>"; };
		174553CD1B287DCE004A7C65 /* Cat_Age_CalculatorTests.swift */ = {isa = PBXFileReference; lastKnownFileType = sourcecode.swift; path = Cat_Age_CalculatorTests.swift; sourceTree = "<group>"; };
		17D6323F1B29D37600CBD1A8 /* IMG_0415.JPG */ = {isa = PBXFileReference; lastKnownFileType = image.jpeg; path = IMG_0415.JPG; sourceTree = "<group>"; };
/* End PBXFileReference section */

/* Begin PBXFrameworksBuildPhase section */
		174553AF1B287DCD004A7C65 /* Frameworks */ = {
			isa = PBXFrameworksBuildPhase;
			buildActionMask = 2147483647;
			files = (
			);
			runOnlyForDeploymentPostprocessing = 0;
		};
		174553C41B287DCE004A7C65 /* Frameworks */ = {
			isa = PBXFrameworksBuildPhase;
			buildActionMask = 2147483647;
			files = (
			);
			runOnlyForDeploymentPostprocessing = 0;
		};
/* End PBXFrameworksBuildPhase section */

/* Begin PBXGroup section */
		174553A91B287DCD004A7C65 = {
			isa = PBXGroup;
			children = (
				174553B41B287DCE004A7C65 /* Cat Age Calculator */,
				174553CA1B287DCE004A7C65 /* Cat Age CalculatorTests */,
				174553B31B287DCE004A7C65 /* Products */,
			);
			sourceTree = "<group>";
		};
		174553B31B287DCE004A7C65 /* Products */ = {
			isa = PBXGroup;
			children = (
				174553B21B287DCE004A7C65 /* Cat Age Calculator.app */,
				174553C71B287DCE004A7C65 /* Cat Age CalculatorTests.xctest */,
			);
			name = Products;
			sourceTree = "<group>";
		};
		174553B41B287DCE004A7C65 /* Cat Age Calculator */ = {
			isa = PBXGroup;
			children = (
				174553B71B287DCE004A7C65 /* AppDelegate.swift */,
				174553B91B287DCE004A7C65 /* ViewController.swift */,
				174553BB1B287DCE004A7C65 /* Main.storyboard */,
				174553BE1B287DCE004A7C65 /* Images.xcassets */,
				174553C01B287DCE004A7C65 /* LaunchScreen.xib */,
				17D6323F1B29D37600CBD1A8 /* IMG_0415.JPG */,
				174553B51B287DCE004A7C65 /* Supporting Files */,
			);
			path = "Cat Age Calculator";
			sourceTree = "<group>";
		};
		174553B51B287DCE004A7C65 /* Supporting Files */ = {
			isa = PBXGroup;
			children = (
				174553B61B287DCE004A7C65 /* Info.plist */,
			);
			name = "Supporting Files";
			sourceTree = "<group>";
		};
		174553CA1B287DCE004A7C65 /* Cat Age CalculatorTests */ = {
			isa = PBXGroup;
			children = (
				174553CD1B287DCE004A7C65 /* Cat_Age_CalculatorTests.swift */,
				174553CB1B287DCE004A7C65 /* Supporting Files */,
			);
			path = "Cat Age CalculatorTests";
			sourceTree = "<group>";
		};
		174553CB1B287DCE004A7C65 /* Supporting Files */ = {
			isa = PBXGroup;
			children = (
				174553CC1B287DCE004A7C65 /* Info.plist */,
			);
			name = "Supporting Files";
			sourceTree = "<group>";
		};
/* End PBXGroup section */

/* Begin PBXNativeTarget section */
		174553B11B287DCD004A7C65 /* Cat Age Calculator */ = {
			isa = PBXNativeTarget;
			buildConfigurationList = 174553D11B287DCE004A7C65 /* Build configuration list for PBXNativeTarget "Cat Age Calculator" */;
			buildPhases = (
				174553AE1B287DCD004A7C65 /* Sources */,
				174553AF1B287DCD004A7C65 /* Frameworks */,
				174553B01B287DCD004A7C65 /* Resources */,
			);
			buildRules = (
			);
			dependencies = (
			);
			name = "Cat Age Calculator";
			productName = "Cat Age Calculator";
			productReference = 174553B21B287DCE004A7C65 /* Cat Age Calculator.app */;
			productType = "com.apple.product-type.application";
		};
		174553C61B287DCE004A7C65 /* Cat Age CalculatorTests */ = {
			isa = PBXNativeTarget;
			buildConfigurationList = 174553D41B287DCE004A7C65 /* Build configuration list for PBXNativeTarget "Cat Age CalculatorTests" */;
			buildPhases = (
				174553C31B287DCE004A7C65 /* Sources */,
				174553C41B287DCE004A7C65 /* Frameworks */,
				174553C51B287DCE004A7C65 /* Resources */,
			);
			buildRules = (
			);
			dependencies = (
				174553C91B287DCE004A7C65 /* PBXTargetDependency */,
			);
			name = "Cat Age CalculatorTests";
			productName = "Cat Age CalculatorTests";
			productReference = 174553C71B287DCE004A7C65 /* Cat Age CalculatorTests.xctest */;
			productType = "com.apple.product-type.bundle.unit-test";
		};
/* End PBXNativeTarget section */

/* Begin PBXProject section */
		174553AA1B287DCD004A7C65 /* Project object */ = {
			isa = PBXProject;
			attributes = {
				LastUpgradeCheck = 0630;
				ORGANIZATIONNAME = "Jared Taylor";
				TargetAttributes = {
					174553B11B287DCD004A7C65 = {
						CreatedOnToolsVersion = 6.3.2;
					};
					174553C61B287DCE004A7C65 = {
						CreatedOnToolsVersion = 6.3.2;
						TestTargetID = 174553B11B287DCD004A7C65;
					};
				};
			};
			buildConfigurationList = 174553AD1B287DCD004A7C65 /* Build configuration list for PBXProject "Cat Age Calculator" */;
			compatibilityVersion = "Xcode 3.2";
			developmentRegion = English;
			hasScannedForEncodings = 0;
			knownRegions = (
				en,
				Base,
			);
			mainGroup = 174553A91B287DCD004A7C65;
			productRefGroup = 174553B31B287DCE004A7C65 /* Products */;
			projectDirPath = "";
			projectRoot = "";
			targets = (
				174553B11B287DCD004A7C65 /* Cat Age Calculator */,
				174553C61B287DCE004A7C65 /* Cat Age CalculatorTests */,
			);
		};
/* End PBXProject section */

/* Begin PBXResourcesBuildPhase section */
		174553B01B287DCD004A7C65 /* Resources */ = {
			isa = PBXResourcesBuildPhase;
			buildActionMask = 2147483647;
			files = (
				174553BD1B287DCE004A7C65 /* Main.storyboard in Resources */,
				17D632401B29D37600CBD1A8 /* IMG_0415.JPG in Resources */,
				174553C21B287DCE004A7C65 /* LaunchScreen.xib in Resources */,
				174553BF1B287DCE004A7C65 /* Images.xcassets in Resources */,
			);
			runOnlyForDeploymentPostprocessing = 0;
		};
		174553C51B287DCE004A7C65 /* Resources */ = {
			isa = PBXResourcesBuildPhase;
			buildActionMask = 2147483647;
			files = (
			);
			runOnlyForDeploymentPostprocessing = 0;
		};
/* End PBXResourcesBuildPhase section */

/* Begin PBXSourcesBuildPhase section */
		174553AE1B287DCD004A7C65 /* Sources */ = {
			isa = PBXSourcesBuildPhase;
			buildActionMask = 2147483647;
			files = (
				174553BA1B287DCE004A7C65 /* ViewController.swift in Sources */,
				174553B81B287DCE004A7C65 /* AppDelegate.swift in Sources */,
			);
			runOnlyForDeploymentPostprocessing = 0;
		};
		174553C31B287DCE004A7C65 /* Sources */ = {
			isa = PBXSourcesBuildPhase;
			buildActionMask = 2147483647;
			files = (
				174553CE1B287DCE004A7C65 /* Cat_Age_CalculatorTests.swift in Sources */,
			);
			runOnlyForDeploymentPostprocessing = 0;
		};
/* End PBXSourcesBuildPhase section */

/* Begin PBXTargetDependency section */
		174553C91B287DCE004A7C65 /* PBXTargetDependency */ = {
			isa = PBXTargetDependency;
			target = 174553B11B287DCD004A7C65 /* Cat Age Calculator */;
			targetProxy = 174553C81B287DCE004A7C65 /* PBXContainerItemProxy */;
		};
/* End PBXTargetDependency section */

/* Begin PBXVariantGroup section */
		174553BB1B287DCE004A7C65 /* Main.storyboard */ = {
			isa = PBXVariantGroup;
			children = (
				174553BC1B287DCE004A7C65 /* Base */,
			);
			name = Main.storyboard;
			sourceTree = "<group>";
		};
		174553C01B287DCE004A7C65 /* LaunchScreen.xib */ = {
			isa = PBXVariantGroup;
			children = (
				174553C11B287DCE004A7C65 /* Base */,
			);
			name = LaunchScreen.xib;
			sourceTree = "<group>";
		};
/* End PBXVariantGroup section */

/* Begin XCBuildConfiguration section */
		174553CF1B287DCE004A7C65 /* Debug */ = {
			isa = XCBuildConfiguration;
			buildSettings = {
				ALWAYS_SEARCH_USER_PATHS = NO;
				CLANG_CXX_LANGUAGE_STANDARD = "gnu++0x";
				CLANG_CXX_LIBRARY = "libc++";
				CLANG_ENABLE_MODULES = YES;
				CLANG_ENABLE_OBJC_ARC = YES;
				CLANG_WARN_BOOL_CONVERSION = YES;
				CLANG_WARN_CONSTANT_CONVERSION = YES;
				CLANG_WARN_DIRECT_OBJC_ISA_USAGE = YES_ERROR;
				CLANG_WARN_EMPTY_BODY = YES;
				CLANG_WARN_ENUM_CONVERSION = YES;
				CLANG_WARN_INT_CONVERSION = YES;
				CLANG_WARN_OBJC_ROOT_CLASS = YES_ERROR;
				CLANG_WARN_UNREACHABLE_CODE = YES;
				CLANG_WARN__DUPLICATE_METHOD_MATCH = YES;
				"CODE_SIGN_IDENTITY[sdk=iphoneos*]" = "iPhone Developer";
				COPY_PHASE_STRIP = NO;
				DEBUG_INFORMATION_FORMAT = "dwarf-with-dsym";
				ENABLE_STRICT_OBJC_MSGSEND = YES;
				GCC_C_LANGUAGE_STANDARD = gnu99;
				GCC_DYNAMIC_NO_PIC = NO;
				GCC_NO_COMMON_BLOCKS = YES;
				GCC_OPTIMIZATION_LEVEL = 0;
				GCC_PREPROCESSOR_DEFINITIONS = (
					"DEBUG=1",
					"$(inherited)",
				);
				GCC_SYMBOLS_PRIVATE_EXTERN = NO;
				GCC_WARN_64_TO_32_BIT_CONVERSION = YES;
				GCC_WARN_ABOUT_RETURN_TYPE = YES_ERROR;
				GCC_WARN_UNDECLARED_SELECTOR = YES;
				GCC_WARN_UNINITIALIZED_AUTOS = YES_AGGRESSIVE;
				GCC_WARN_UNUSED_FUNCTION = YES;
				GCC_WARN_UNUSED_VARIABLE = YES;
				IPHONEOS_DEPLOYMENT_TARGET = 8.3;
				MTL_ENABLE_DEBUG_INFO = YES;
				ONLY_ACTIVE_ARCH = YES;
				SDKROOT = iphoneos;
				SWIFT_OPTIMIZATION_LEVEL = "-Onone";
				TARGETED_DEVICE_FAMILY = "1,2";
			};
			name = Debug;
		};
		174553D01B287DCE004A7C65 /* Release */ = {
			isa = XCBuildConfiguration;
			buildSettings = {
				ALWAYS_SEARCH_USER_PATHS = NO;
				CLANG_CXX_LANGUAGE_STANDARD = "gnu++0x";
				CLANG_CXX_LIBRARY = "libc++";
				CLANG_ENABLE_MODULES = YES;
				CLANG_ENABLE_OBJC_ARC = YES;
				CLANG_WARN_BOOL_CONVERSION = YES;
				CLANG_WARN_CONSTANT_CONVERSION = YES;
				CLANG_WARN_DIRECT_OBJC_ISA_USAGE = YES_ERROR;
				CLANG_WARN_EMPTY_BODY = YES;
				CLANG_WARN_ENUM_CONVERSION = YES;
				CLANG_WARN_INT_CONVERSION = YES;
				CLANG_WARN_OBJC_ROOT_CLASS = YES_ERROR;
				CLANG_WARN_UNREACHABLE_CODE = YES;
				CLANG_WARN__DUPLICATE_METHOD_MATCH = YES;
				"CODE_SIGN_IDENTITY[sdk=iphoneos*]" = "iPhone Developer";
				COPY_PHASE_STRIP = NO;
				DEBUG_INFORMATION_FORMAT = "dwarf-with-dsym";
				ENABLE_NS_ASSERTIONS = NO;
				ENABLE_STRICT_OBJC_MSGSEND = YES;
				GCC_C_LANGUAGE_STANDARD = gnu99;
				GCC_NO_COMMON_BLOCKS = YES;
				GCC_WARN_64_TO_32_BIT_CONVERSION = YES;
				GCC_WARN_ABOUT_RETURN_TYPE = YES_ERROR;
				GCC_WARN_UNDECLARED_SELECTOR = YES;
				GCC_WARN_UNINITIALIZED_AUTOS = YES_AGGRESSIVE;
				GCC_WARN_UNUSED_FUNCTION = YES;
				GCC_WARN_UNUSED_VARIABLE = YES;
				IPHONEOS_DEPLOYMENT_TARGET = 8.3;
				MTL_ENABLE_DEBUG_INFO = NO;
				SDKROOT = iphoneos;
				TARGETED_DEVICE_FAMILY = "1,2";
				VALIDATE_PRODUCT = YES;
			};
			name = Release;
		};
		174553D21B287DCE004A7C65 /* Debug */ = {
			isa = XCBuildConfiguration;
			buildSettings = {
				ASSETCATALOG_COMPILER_APPICON_NAME = AppIcon;
				INFOPLIST_FILE = "Cat Age Calculator/Info.plist";
				LD_RUNPATH_SEARCH_PATHS = "$(inherited) @executable_path/Frameworks";
				PRODUCT_NAME = "$(TARGET_NAME)";
			};
			name = Debug;
		};
		174553D31B287DCE004A7C65 /* Release */ = {
			isa = XCBuildConfiguration;
			buildSettings = {
				ASSETCATALOG_COMPILER_APPICON_NAME = AppIcon;
				INFOPLIST_FILE = "Cat Age Calculator/Info.plist";
				LD_RUNPATH_SEARCH_PATHS = "$(inherited) @executable_path/Frameworks";
				PRODUCT_NAME = "$(TARGET_NAME)";
			};
			name = Release;
		};
		174553D51B287DCE004A7C65 /* Debug */ = {
			isa = XCBuildConfiguration;
			buildSettings = {
				BUNDLE_LOADER = "$(TEST_HOST)";
				FRAMEWORK_SEARCH_PATHS = (
					"$(SDKROOT)/Developer/Library/Frameworks",
					"$(inherited)",
				);
				GCC_PREPROCESSOR_DEFINITIONS = (
					"DEBUG=1",
					"$(inherited)",
				);
				INFOPLIST_FILE = "Cat Age CalculatorTests/Info.plist";
				LD_RUNPATH_SEARCH_PATHS = "$(inherited) @executable_path/Frameworks @loader_path/Frameworks";
				PRODUCT_NAME = "$(TARGET_NAME)";
				TEST_HOST = "$(BUILT_PRODUCTS_DIR)/Cat Age Calculator.app/Cat Age Calculator";
			};
			name = Debug;
		};
		174553D61B287DCE004A7C65 /* Release */ = {
			isa = XCBuildConfiguration;
			buildSettings = {
				BUNDLE_LOADER = "$(TEST_HOST)";
				FRAMEWORK_SEARCH_PATHS = (
					"$(SDKROOT)/Developer/Library/Frameworks",
					"$(inherited)",
				);
				INFOPLIST_FILE = "Cat Age CalculatorTests/Info.plist";
				LD_RUNPATH_SEARCH_PATHS = "$(inherited) @executable_path/Frameworks @loader_path/Frameworks";
				PRODUCT_NAME = "$(TARGET_NAME)";
				TEST_HOST = "$(BUILT_PRODUCTS_DIR)/Cat Age Calculator.app/Cat Age Calculator";
			};
			name = Release;
		};
/* End XCBuildConfiguration section */

/* Begin XCConfigurationList section */
		174553AD1B287DCD004A7C65 /* Build configuration list for PBXProject "Cat Age Calculator" */ = {
			isa = XCConfigurationList;
			buildConfigurations = (
				174553CF1B287DCE004A7C65 /* Debug */,
				174553D01B287DCE004A7C65 /* Release */,
			);
			defaultConfigurationIsVisible = 0;
			defaultConfigurationName = Release;
		};
		174553D11B287DCE004A7C65 /* Build configuration list for PBXNativeTarget "Cat Age Calculator" */ = {
			isa = XCConfigurationList;
			buildConfigurations = (
				174553D21B287DCE004A7C65 /* Debug */,
				174553D31B287DCE004A7C65 /* Release */,
			);
			defaultConfigurationIsVisible = 0;
			defaultConfigurationName = Release;
		};
		174553D41B287DCE004A7C65 /* Build configuration list for PBXNativeTarget "Cat Age CalculatorTests" */ = {
			isa = XCConfigurationList;
			buildConfigurations = (
				174553D51B287DCE004A7C65 /* Debug */,
				174553D61B287DCE004A7C65 /* Release */,
			);
			defaultConfigurationIsVisible = 0;
			defaultConfigurationName = Release;
		};
/* End XCConfigurationList section */
	};
	rootObject = 174553AA1B287DCD004A7C65 /* Project object */;
}
